// !$*UTF8*$!
{
	archiveVersion = 1;
	classes = {
	};
	objectVersion = 46;
	objects = {

/* Begin PBXBuildFile section */
		5A1500F81D415F2200C0AF61 /* auth-setup.txt in Resources */ = {isa = PBXBuildFile; fileRef = 5A1500F71D415F2200C0AF61 /* auth-setup.txt */; };
		5A20F59D1D49425900E69D66 /* Property.swift in Sources */ = {isa = PBXBuildFile; fileRef = 5A20F59C1D49425900E69D66 /* Property.swift */; };
		5A20F59F1D49552900E69D66 /* Int.swift in Sources */ = {isa = PBXBuildFile; fileRef = 5A20F59E1D49552900E69D66 /* Int.swift */; };
		5A5380671D4E6B9F004A418F /* BrokerSelectionViewController.swift in Sources */ = {isa = PBXBuildFile; fileRef = 5A5380661D4E6B9F004A418F /* BrokerSelectionViewController.swift */; };
		5A53808D1D4E6CA8004A418F /* AccessoryIndicator.swift in Sources */ = {isa = PBXBuildFile; fileRef = 5A5380831D4E6CA8004A418F /* AccessoryIndicator.swift */; };
		5A53808E1D4E6CA8004A418F /* DialView.swift in Sources */ = {isa = PBXBuildFile; fileRef = 5A5380841D4E6CA8004A418F /* DialView.swift */; };
		5A53808F1D4E6CA8004A418F /* JFCardSelectionCell.swift in Sources */ = {isa = PBXBuildFile; fileRef = 5A5380851D4E6CA8004A418F /* JFCardSelectionCell.swift */; };
		5A5380901D4E6CA8004A418F /* JFCardSelectionViewController.swift in Sources */ = {isa = PBXBuildFile; fileRef = 5A5380861D4E6CA8004A418F /* JFCardSelectionViewController.swift */; };
		5A5380911D4E6CA8004A418F /* JFCardSelectionViewController+CollectionView.swift in Sources */ = {isa = PBXBuildFile; fileRef = 5A5380871D4E6CA8004A418F /* JFCardSelectionViewController+CollectionView.swift */; };
		5A5380921D4E6CA8004A418F /* JFCardSelectionViewController+JFFocusedCardViewDelegate.swift in Sources */ = {isa = PBXBuildFile; fileRef = 5A5380881D4E6CA8004A418F /* JFCardSelectionViewController+JFFocusedCardViewDelegate.swift */; };
		5A5380931D4E6CA8004A418F /* JFCardSelectionViewFlowLayout.swift in Sources */ = {isa = PBXBuildFile; fileRef = 5A5380891D4E6CA8004A418F /* JFCardSelectionViewFlowLayout.swift */; };
		5A5380941D4E6CA8004A418F /* JFFocusedCardView.swift in Sources */ = {isa = PBXBuildFile; fileRef = 5A53808A1D4E6CA8004A418F /* JFFocusedCardView.swift */; };
		5A5380951D4E6CA8004A418F /* PointerLayer.swift in Sources */ = {isa = PBXBuildFile; fileRef = 5A53808B1D4E6CA8004A418F /* PointerLayer.swift */; };
		5A5380961D4E6CA8004A418F /* ShadowAttributes.swift in Sources */ = {isa = PBXBuildFile; fileRef = 5A53808C1D4E6CA8004A418F /* ShadowAttributes.swift */; };
		5A5380981D4E6DA8004A418F /* NSDate.swift in Sources */ = {isa = PBXBuildFile; fileRef = 5A5380971D4E6DA8004A418F /* NSDate.swift */; };
		5A53809A1D4E6DEA004A418F /* NSURL.swift in Sources */ = {isa = PBXBuildFile; fileRef = 5A5380991D4E6DEA004A418F /* NSURL.swift */; };
		5A53809C1D4E6E0D004A418F /* String.swift in Sources */ = {isa = PBXBuildFile; fileRef = 5A53809B1D4E6E0D004A418F /* String.swift */; };
		5A53809E1D4E6E52004A418F /* UIDevice.swift in Sources */ = {isa = PBXBuildFile; fileRef = 5A53809D1D4E6E52004A418F /* UIDevice.swift */; };
		5A5380A01D4E6E7D004A418F /* UIImage.swift in Sources */ = {isa = PBXBuildFile; fileRef = 5A53809F1D4E6E7D004A418F /* UIImage.swift */; };
		5A5380A21D4E6ECA004A418F /* UIView.swift in Sources */ = {isa = PBXBuildFile; fileRef = 5A5380A11D4E6ECA004A418F /* UIView.swift */; };
		5A5380A41D4E6F89004A418F /* Broker.swift in Sources */ = {isa = PBXBuildFile; fileRef = 5A5380A31D4E6F89004A418F /* Broker.swift */; };
		5A5380A71D4E7C92004A418F /* JFCardSelectionCell.xib in Resources */ = {isa = PBXBuildFile; fileRef = 5A5380A51D4E7C92004A418F /* JFCardSelectionCell.xib */; };
		5A5380A81D4E7C92004A418F /* JFFocusedCardView.xib in Resources */ = {isa = PBXBuildFile; fileRef = 5A5380A61D4E7C92004A418F /* JFFocusedCardView.xib */; };
		5A5380AB1D4EA3DC004A418F /* NotImplementedYetController.swift in Sources */ = {isa = PBXBuildFile; fileRef = 5A5380AA1D4EA3DC004A418F /* NotImplementedYetController.swift */; };
		5AB7E2861D47C9A100ACBA5E /* SideMenuViewController.swift in Sources */ = {isa = PBXBuildFile; fileRef = 5AB7E2851D47C9A100ACBA5E /* SideMenuViewController.swift */; };
		5AB7E2881D47CA2F00ACBA5E /* MainNavigationController.swift in Sources */ = {isa = PBXBuildFile; fileRef = 5AB7E2871D47CA2F00ACBA5E /* MainNavigationController.swift */; };
		5AB7E28D1D47D6BC00ACBA5E /* WelcomeTourPageViewController.swift in Sources */ = {isa = PBXBuildFile; fileRef = 5AB7E28B1D47D6BC00ACBA5E /* WelcomeTourPageViewController.swift */; };
		5AB7E28E1D47D6BC00ACBA5E /* WelcomeContentViewController.swift in Sources */ = {isa = PBXBuildFile; fileRef = 5AB7E28C1D47D6BC00ACBA5E /* WelcomeContentViewController.swift */; };
		5AB7E2921D4812FB00ACBA5E /* LeftMenuController.swift in Sources */ = {isa = PBXBuildFile; fileRef = 5AB7E2911D4812FB00ACBA5E /* LeftMenuController.swift */; };
		5AB7E2941D48233700ACBA5E /* UIImageView.swift in Sources */ = {isa = PBXBuildFile; fileRef = 5AB7E2931D48233700ACBA5E /* UIImageView.swift */; };
		5AB7E2961D48294700ACBA5E /* PropertiesViewController.swift in Sources */ = {isa = PBXBuildFile; fileRef = 5AB7E2951D48294700ACBA5E /* PropertiesViewController.swift */; };
		5AB7E2981D48371C00ACBA5E /* PropertiesTableViewCell.swift in Sources */ = {isa = PBXBuildFile; fileRef = 5AB7E2971D48371C00ACBA5E /* PropertiesTableViewCell.swift */; };
		5AB7E29A1D483D7400ACBA5E /* JSON.swift in Sources */ = {isa = PBXBuildFile; fileRef = 5AB7E2991D483D7400ACBA5E /* JSON.swift */; };
		5AD34F221D49376700FA40C0 /* PropertyDetailsViewController.swift in Sources */ = {isa = PBXBuildFile; fileRef = 5AD34F211D49376700FA40C0 /* PropertyDetailsViewController.swift */; };
		C1F9A14D3C175BFCF7501755 /* Pods_DHNative.framework in Frameworks */ = {isa = PBXBuildFile; fileRef = 44040E52B74B730AB9FDDED1 /* Pods_DHNative.framework */; };
		E7362F1F1D405D41006E661F /* AppDelegate.swift in Sources */ = {isa = PBXBuildFile; fileRef = E7362F1E1D405D41006E661F /* AppDelegate.swift */; };
		E7362F211D405D41006E661F /* SideViewController.swift in Sources */ = {isa = PBXBuildFile; fileRef = E7362F201D405D41006E661F /* SideViewController.swift */; };
		E7362F241D405D41006E661F /* Main.storyboard in Resources */ = {isa = PBXBuildFile; fileRef = E7362F221D405D41006E661F /* Main.storyboard */; };
		E7362F291D405D41006E661F /* LaunchScreen.storyboard in Resources */ = {isa = PBXBuildFile; fileRef = E7362F271D405D41006E661F /* LaunchScreen.storyboard */; };
		E7362F3A1D41307C006E661F /* Media.xcassets in Resources */ = {isa = PBXBuildFile; fileRef = E7362F391D41307C006E661F /* Media.xcassets */; };
		E7362F3C1D4136F4006E661F /* AppDefaults.swift in Sources */ = {isa = PBXBuildFile; fileRef = E7362F3B1D4136F4006E661F /* AppDefaults.swift */; };
		E7362F3F1D413729006E661F /* UIColor.swift in Sources */ = {isa = PBXBuildFile; fileRef = E7362F3E1D413729006E661F /* UIColor.swift */; };
/* End PBXBuildFile section */

/* Begin PBXFileReference section */
		2156374A2CB1C0E3E68EAF31 /* Pods_dreamhousenative.framework */ = {isa = PBXFileReference; explicitFileType = wrapper.framework; includeInIndex = 0; path = Pods_dreamhousenative.framework; sourceTree = BUILT_PRODUCTS_DIR; };
		44040E52B74B730AB9FDDED1 /* Pods_DHNative.framework */ = {isa = PBXFileReference; explicitFileType = wrapper.framework; includeInIndex = 0; path = Pods_DHNative.framework; sourceTree = BUILT_PRODUCTS_DIR; };
		5A1500F71D415F2200C0AF61 /* auth-setup.txt */ = {isa = PBXFileReference; fileEncoding = 4; lastKnownFileType = text; path = "auth-setup.txt"; sourceTree = "<group>"; };
		5A20F59C1D49425900E69D66 /* Property.swift */ = {isa = PBXFileReference; fileEncoding = 4; lastKnownFileType = sourcecode.swift; path = Property.swift; sourceTree = "<group>"; };
		5A20F59E1D49552900E69D66 /* Int.swift */ = {isa = PBXFileReference; fileEncoding = 4; lastKnownFileType = sourcecode.swift; path = Int.swift; sourceTree = "<group>"; };
		5A5380661D4E6B9F004A418F /* BrokerSelectionViewController.swift */ = {isa = PBXFileReference; fileEncoding = 4; lastKnownFileType = sourcecode.swift; path = BrokerSelectionViewController.swift; sourceTree = "<group>"; };
		5A5380831D4E6CA8004A418F /* AccessoryIndicator.swift */ = {isa = PBXFileReference; fileEncoding = 4; lastKnownFileType = sourcecode.swift; path = AccessoryIndicator.swift; sourceTree = "<group>"; };
		5A5380841D4E6CA8004A418F /* DialView.swift */ = {isa = PBXFileReference; fileEncoding = 4; lastKnownFileType = sourcecode.swift; path = DialView.swift; sourceTree = "<group>"; };
		5A5380851D4E6CA8004A418F /* JFCardSelectionCell.swift */ = {isa = PBXFileReference; fileEncoding = 4; lastKnownFileType = sourcecode.swift; path = JFCardSelectionCell.swift; sourceTree = "<group>"; };
		5A5380861D4E6CA8004A418F /* JFCardSelectionViewController.swift */ = {isa = PBXFileReference; fileEncoding = 4; lastKnownFileType = sourcecode.swift; path = JFCardSelectionViewController.swift; sourceTree = "<group>"; };
		5A5380871D4E6CA8004A418F /* JFCardSelectionViewController+CollectionView.swift */ = {isa = PBXFileReference; fileEncoding = 4; lastKnownFileType = sourcecode.swift; path = "JFCardSelectionViewController+CollectionView.swift"; sourceTree = "<group>"; };
		5A5380881D4E6CA8004A418F /* JFCardSelectionViewController+JFFocusedCardViewDelegate.swift */ = {isa = PBXFileReference; fileEncoding = 4; lastKnownFileType = sourcecode.swift; path = "JFCardSelectionViewController+JFFocusedCardViewDelegate.swift"; sourceTree = "<group>"; };
		5A5380891D4E6CA8004A418F /* JFCardSelectionViewFlowLayout.swift */ = {isa = PBXFileReference; fileEncoding = 4; lastKnownFileType = sourcecode.swift; path = JFCardSelectionViewFlowLayout.swift; sourceTree = "<group>"; };
		5A53808A1D4E6CA8004A418F /* JFFocusedCardView.swift */ = {isa = PBXFileReference; fileEncoding = 4; lastKnownFileType = sourcecode.swift; path = JFFocusedCardView.swift; sourceTree = "<group>"; };
		5A53808B1D4E6CA8004A418F /* PointerLayer.swift */ = {isa = PBXFileReference; fileEncoding = 4; lastKnownFileType = sourcecode.swift; path = PointerLayer.swift; sourceTree = "<group>"; };
		5A53808C1D4E6CA8004A418F /* ShadowAttributes.swift */ = {isa = PBXFileReference; fileEncoding = 4; lastKnownFileType = sourcecode.swift; path = ShadowAttributes.swift; sourceTree = "<group>"; };
		5A5380971D4E6DA8004A418F /* NSDate.swift */ = {isa = PBXFileReference; fileEncoding = 4; lastKnownFileType = sourcecode.swift; path = NSDate.swift; sourceTree = "<group>"; };
		5A5380991D4E6DEA004A418F /* NSURL.swift */ = {isa = PBXFileReference; fileEncoding = 4; lastKnownFileType = sourcecode.swift; path = NSURL.swift; sourceTree = "<group>"; };
		5A53809B1D4E6E0D004A418F /* String.swift */ = {isa = PBXFileReference; fileEncoding = 4; lastKnownFileType = sourcecode.swift; path = String.swift; sourceTree = "<group>"; };
		5A53809D1D4E6E52004A418F /* UIDevice.swift */ = {isa = PBXFileReference; fileEncoding = 4; lastKnownFileType = sourcecode.swift; path = UIDevice.swift; sourceTree = "<group>"; };
		5A53809F1D4E6E7D004A418F /* UIImage.swift */ = {isa = PBXFileReference; fileEncoding = 4; lastKnownFileType = sourcecode.swift; path = UIImage.swift; sourceTree = "<group>"; };
		5A5380A11D4E6ECA004A418F /* UIView.swift */ = {isa = PBXFileReference; fileEncoding = 4; lastKnownFileType = sourcecode.swift; path = UIView.swift; sourceTree = "<group>"; };
		5A5380A31D4E6F89004A418F /* Broker.swift */ = {isa = PBXFileReference; fileEncoding = 4; lastKnownFileType = sourcecode.swift; path = Broker.swift; sourceTree = "<group>"; };
		5A5380A51D4E7C92004A418F /* JFCardSelectionCell.xib */ = {isa = PBXFileReference; fileEncoding = 4; lastKnownFileType = file.xib; path = JFCardSelectionCell.xib; sourceTree = "<group>"; };
		5A5380A61D4E7C92004A418F /* JFFocusedCardView.xib */ = {isa = PBXFileReference; fileEncoding = 4; lastKnownFileType = file.xib; path = JFFocusedCardView.xib; sourceTree = "<group>"; };
		5A5380AA1D4EA3DC004A418F /* NotImplementedYetController.swift */ = {isa = PBXFileReference; fileEncoding = 4; lastKnownFileType = sourcecode.swift; path = NotImplementedYetController.swift; sourceTree = "<group>"; };
		5AB7E2851D47C9A100ACBA5E /* SideMenuViewController.swift */ = {isa = PBXFileReference; fileEncoding = 4; lastKnownFileType = sourcecode.swift; path = SideMenuViewController.swift; sourceTree = "<group>"; };
		5AB7E2871D47CA2F00ACBA5E /* MainNavigationController.swift */ = {isa = PBXFileReference; fileEncoding = 4; lastKnownFileType = sourcecode.swift; path = MainNavigationController.swift; sourceTree = "<group>"; };
		5AB7E28B1D47D6BC00ACBA5E /* WelcomeTourPageViewController.swift */ = {isa = PBXFileReference; fileEncoding = 4; lastKnownFileType = sourcecode.swift; path = WelcomeTourPageViewController.swift; sourceTree = "<group>"; };
		5AB7E28C1D47D6BC00ACBA5E /* WelcomeContentViewController.swift */ = {isa = PBXFileReference; fileEncoding = 4; lastKnownFileType = sourcecode.swift; path = WelcomeContentViewController.swift; sourceTree = "<group>"; };
		5AB7E2911D4812FB00ACBA5E /* LeftMenuController.swift */ = {isa = PBXFileReference; fileEncoding = 4; lastKnownFileType = sourcecode.swift; path = LeftMenuController.swift; sourceTree = "<group>"; };
		5AB7E2931D48233700ACBA5E /* UIImageView.swift */ = {isa = PBXFileReference; fileEncoding = 4; lastKnownFileType = sourcecode.swift; path = UIImageView.swift; sourceTree = "<group>"; };
		5AB7E2951D48294700ACBA5E /* PropertiesViewController.swift */ = {isa = PBXFileReference; fileEncoding = 4; lastKnownFileType = sourcecode.swift; path = PropertiesViewController.swift; sourceTree = "<group>"; };
		5AB7E2971D48371C00ACBA5E /* PropertiesTableViewCell.swift */ = {isa = PBXFileReference; fileEncoding = 4; lastKnownFileType = sourcecode.swift; path = PropertiesTableViewCell.swift; sourceTree = "<group>"; };
		5AB7E2991D483D7400ACBA5E /* JSON.swift */ = {isa = PBXFileReference; fileEncoding = 4; lastKnownFileType = sourcecode.swift; path = JSON.swift; sourceTree = "<group>"; };
		5AD34F211D49376700FA40C0 /* PropertyDetailsViewController.swift */ = {isa = PBXFileReference; fileEncoding = 4; lastKnownFileType = sourcecode.swift; path = PropertyDetailsViewController.swift; sourceTree = "<group>"; };
		5D7EFEC69DB6449BC013DC74 /* Pods-DHNative.debug.xcconfig */ = {isa = PBXFileReference; includeInIndex = 1; lastKnownFileType = text.xcconfig; name = "Pods-DHNative.debug.xcconfig"; path = "Pods/Target Support Files/Pods-DHNative/Pods-DHNative.debug.xcconfig"; sourceTree = "<group>"; };
		7BF0F450990713DEDED3B13D /* Pods-DHNative.release.xcconfig */ = {isa = PBXFileReference; includeInIndex = 1; lastKnownFileType = text.xcconfig; name = "Pods-DHNative.release.xcconfig"; path = "Pods/Target Support Files/Pods-DHNative/Pods-DHNative.release.xcconfig"; sourceTree = "<group>"; };
		A14A3CCDF77D46BEC105A40C /* Pods-dreamhousenative.debug.xcconfig */ = {isa = PBXFileReference; includeInIndex = 1; lastKnownFileType = text.xcconfig; name = "Pods-dreamhousenative.debug.xcconfig"; path = "Pods/Target Support Files/Pods-dreamhousenative/Pods-dreamhousenative.debug.xcconfig"; sourceTree = "<group>"; };
		A565D14EC170378E2A43F2BD /* Pods-dreamhousenative.release.xcconfig */ = {isa = PBXFileReference; includeInIndex = 1; lastKnownFileType = text.xcconfig; name = "Pods-dreamhousenative.release.xcconfig"; path = "Pods/Target Support Files/Pods-dreamhousenative/Pods-dreamhousenative.release.xcconfig"; sourceTree = "<group>"; };
		E7362F1B1D405D41006E661F /* DHNative.app */ = {isa = PBXFileReference; explicitFileType = wrapper.application; includeInIndex = 0; path = DHNative.app; sourceTree = BUILT_PRODUCTS_DIR; };
		E7362F1E1D405D41006E661F /* AppDelegate.swift */ = {isa = PBXFileReference; lastKnownFileType = sourcecode.swift; path = AppDelegate.swift; sourceTree = "<group>"; };
		E7362F201D405D41006E661F /* SideViewController.swift */ = {isa = PBXFileReference; lastKnownFileType = sourcecode.swift; path = SideViewController.swift; sourceTree = "<group>"; };
		E7362F231D405D41006E661F /* Base */ = {isa = PBXFileReference; lastKnownFileType = file.storyboard; name = Base; path = Base.lproj/Main.storyboard; sourceTree = "<group>"; };
		E7362F281D405D41006E661F /* Base */ = {isa = PBXFileReference; lastKnownFileType = file.storyboard; name = Base; path = Base.lproj/LaunchScreen.storyboard; sourceTree = "<group>"; };
		E7362F2A1D405D41006E661F /* Info.plist */ = {isa = PBXFileReference; lastKnownFileType = text.plist.xml; path = Info.plist; sourceTree = "<group>"; };
		E7362F391D41307C006E661F /* Media.xcassets */ = {isa = PBXFileReference; lastKnownFileType = folder.assetcatalog; path = Media.xcassets; sourceTree = "<group>"; };
		E7362F3B1D4136F4006E661F /* AppDefaults.swift */ = {isa = PBXFileReference; fileEncoding = 4; lastKnownFileType = sourcecode.swift; path = AppDefaults.swift; sourceTree = "<group>"; };
		E7362F3E1D413729006E661F /* UIColor.swift */ = {isa = PBXFileReference; fileEncoding = 4; lastKnownFileType = sourcecode.swift; path = UIColor.swift; sourceTree = "<group>"; };
		E7A833F51D4A770E00378C80 /* DHNative-bridge.h */ = {isa = PBXFileReference; lastKnownFileType = sourcecode.c.h; path = "DHNative-bridge.h"; sourceTree = "<group>"; };
/* End PBXFileReference section */

/* Begin PBXFrameworksBuildPhase section */
		E7362F181D405D40006E661F /* Frameworks */ = {
			isa = PBXFrameworksBuildPhase;
			buildActionMask = 2147483647;
			files = (
				C1F9A14D3C175BFCF7501755 /* Pods_DHNative.framework in Frameworks */,
			);
			runOnlyForDeploymentPostprocessing = 0;
		};
/* End PBXFrameworksBuildPhase section */

/* Begin PBXGroup section */
		1F5DA79EDFFE063C829332C3 /* Frameworks */ = {
			isa = PBXGroup;
			children = (
				2156374A2CB1C0E3E68EAF31 /* Pods_dreamhousenative.framework */,
				44040E52B74B730AB9FDDED1 /* Pods_DHNative.framework */,
			);
			name = Frameworks;
			sourceTree = "<group>";
		};
		5A5380611D4E699F004A418F /* properties */ = {
			isa = PBXGroup;
			children = (
				5AB7E2951D48294700ACBA5E /* PropertiesViewController.swift */,
				5AB7E2971D48371C00ACBA5E /* PropertiesTableViewCell.swift */,
				5AD34F211D49376700FA40C0 /* PropertyDetailsViewController.swift */,
				5A20F59C1D49425900E69D66 /* Property.swift */,
			);
			name = properties;
			sourceTree = "<group>";
		};
		5A5380621D4E69B2004A418F /* brokers */ = {
			isa = PBXGroup;
			children = (
				5A5380661D4E6B9F004A418F /* BrokerSelectionViewController.swift */,
				5A5380A31D4E6F89004A418F /* Broker.swift */,
			);
			name = brokers;
			sourceTree = "<group>";
		};
		5A5380631D4E6B1A004A418F /* thirdParty */ = {
			isa = PBXGroup;
			children = (
				5A5380681D4E6BF6004A418F /* JFCard */,
			);
			name = thirdParty;
			sourceTree = "<group>";
		};
		5A5380681D4E6BF6004A418F /* JFCard */ = {
			isa = PBXGroup;
			children = (
				5A5380A51D4E7C92004A418F /* JFCardSelectionCell.xib */,
				5A5380A61D4E7C92004A418F /* JFFocusedCardView.xib */,
				5A5380831D4E6CA8004A418F /* AccessoryIndicator.swift */,
				5A5380841D4E6CA8004A418F /* DialView.swift */,
				5A5380851D4E6CA8004A418F /* JFCardSelectionCell.swift */,
				5A5380861D4E6CA8004A418F /* JFCardSelectionViewController.swift */,
				5A5380871D4E6CA8004A418F /* JFCardSelectionViewController+CollectionView.swift */,
				5A5380881D4E6CA8004A418F /* JFCardSelectionViewController+JFFocusedCardViewDelegate.swift */,
				5A5380891D4E6CA8004A418F /* JFCardSelectionViewFlowLayout.swift */,
				5A53808A1D4E6CA8004A418F /* JFFocusedCardView.swift */,
				5A53808B1D4E6CA8004A418F /* PointerLayer.swift */,
				5A53808C1D4E6CA8004A418F /* ShadowAttributes.swift */,
			);
			name = JFCard;
			sourceTree = "<group>";
		};
		5AB7E28F1D47D88A00ACBA5E /* Tabs */ = {
			isa = PBXGroup;
			children = (
				5A5380621D4E69B2004A418F /* brokers */,
				5A5380611D4E699F004A418F /* properties */,
				5A5380AA1D4EA3DC004A418F /* NotImplementedYetController.swift */,
			);
			name = Tabs;
			sourceTree = "<group>";
		};
		5AB7E2901D47D89F00ACBA5E /* SideNav */ = {
			isa = PBXGroup;
			children = (
				5AB7E2911D4812FB00ACBA5E /* LeftMenuController.swift */,
				E7362F201D405D41006E661F /* SideViewController.swift */,
				5AB7E2851D47C9A100ACBA5E /* SideMenuViewController.swift */,
				5AB7E2871D47CA2F00ACBA5E /* MainNavigationController.swift */,
			);
			name = SideNav;
			sourceTree = "<group>";
		};
		874E50293A93FDD674B54C8D /* Pods */ = {
			isa = PBXGroup;
			children = (
				A14A3CCDF77D46BEC105A40C /* Pods-dreamhousenative.debug.xcconfig */,
				A565D14EC170378E2A43F2BD /* Pods-dreamhousenative.release.xcconfig */,
				5D7EFEC69DB6449BC013DC74 /* Pods-DHNative.debug.xcconfig */,
				7BF0F450990713DEDED3B13D /* Pods-DHNative.release.xcconfig */,
			);
			name = Pods;
			sourceTree = "<group>";
		};
		E7362F121D405D40006E661F = {
			isa = PBXGroup;
			children = (
				E7362F1D1D405D41006E661F /* dreamhousenative */,
				E7362F1C1D405D41006E661F /* Products */,
				874E50293A93FDD674B54C8D /* Pods */,
				1F5DA79EDFFE063C829332C3 /* Frameworks */,
			);
			sourceTree = "<group>";
		};
		E7362F1C1D405D41006E661F /* Products */ = {
			isa = PBXGroup;
			children = (
				E7362F1B1D405D41006E661F /* DHNative.app */,
			);
			name = Products;
			sourceTree = "<group>";
		};
		E7362F1D1D405D41006E661F /* dreamhousenative */ = {
			isa = PBXGroup;
			children = (
				5A5380631D4E6B1A004A418F /* thirdParty */,
				5AB7E2901D47D89F00ACBA5E /* SideNav */,
				5AB7E28F1D47D88A00ACBA5E /* Tabs */,
				E7362F3D1D41370E006E661F /* extensions */,
				E7362F321D412C53006E661F /* WelcomeTour */,
				E7362F1E1D405D41006E661F /* AppDelegate.swift */,
				E7362F221D405D41006E661F /* Main.storyboard */,
				E7362F271D405D41006E661F /* LaunchScreen.storyboard */,
				E7362F2A1D405D41006E661F /* Info.plist */,
				E7362F391D41307C006E661F /* Media.xcassets */,
				E7362F3B1D4136F4006E661F /* AppDefaults.swift */,
				5A1500F71D415F2200C0AF61 /* auth-setup.txt */,
				E7A833F51D4A770E00378C80 /* DHNative-bridge.h */,
			);
			path = dreamhousenative;
			sourceTree = "<group>";
		};
		E7362F321D412C53006E661F /* WelcomeTour */ = {
			isa = PBXGroup;
			children = (
				5AB7E28B1D47D6BC00ACBA5E /* WelcomeTourPageViewController.swift */,
				5AB7E28C1D47D6BC00ACBA5E /* WelcomeContentViewController.swift */,
			);
			name = WelcomeTour;
			sourceTree = "<group>";
		};
		E7362F3D1D41370E006E661F /* extensions */ = {
			isa = PBXGroup;
			children = (
				E7362F3E1D413729006E661F /* UIColor.swift */,
				5AB7E2931D48233700ACBA5E /* UIImageView.swift */,
				5AB7E2991D483D7400ACBA5E /* JSON.swift */,
				5A20F59E1D49552900E69D66 /* Int.swift */,
				5A5380971D4E6DA8004A418F /* NSDate.swift */,
				5A5380991D4E6DEA004A418F /* NSURL.swift */,
				5A53809B1D4E6E0D004A418F /* String.swift */,
				5A53809D1D4E6E52004A418F /* UIDevice.swift */,
				5A53809F1D4E6E7D004A418F /* UIImage.swift */,
				5A5380A11D4E6ECA004A418F /* UIView.swift */,
			);
			name = extensions;
			sourceTree = "<group>";
		};
/* End PBXGroup section */

/* Begin PBXNativeTarget section */
		E7362F1A1D405D40006E661F /* DHNative */ = {
			isa = PBXNativeTarget;
			buildConfigurationList = E7362F2D1D405D41006E661F /* Build configuration list for PBXNativeTarget "DHNative" */;
			buildPhases = (
				4093471C8830DA067FAD55DE /* [CP] Check Pods Manifest.lock */,
				E7362F171D405D40006E661F /* Sources */,
				E7362F181D405D40006E661F /* Frameworks */,
				E7362F191D405D40006E661F /* Resources */,
				8C961B1A10F6E3781A336E23 /* [CP] Embed Pods Frameworks */,
				D5AC59111E97E4B5B7D1462E /* [CP] Copy Pods Resources */,
			);
			buildRules = (
			);
			dependencies = (
			);
			name = DHNative;
			productName = dreamhousenative;
			productReference = E7362F1B1D405D41006E661F /* DHNative.app */;
			productType = "com.apple.product-type.application";
		};
/* End PBXNativeTarget section */

/* Begin PBXProject section */
		E7362F131D405D40006E661F /* Project object */ = {
			isa = PBXProject;
			attributes = {
				LastSwiftUpdateCheck = 0730;
				LastUpgradeCheck = 0730;
				ORGANIZATIONNAME = "Quinton Wall";
				TargetAttributes = {
					E7362F1A1D405D40006E661F = {
						CreatedOnToolsVersion = 7.3.1;
						DevelopmentTeam = 4X564CR95Y;
						SystemCapabilities = {
							com.apple.BackgroundModes = {
								enabled = 1;
							};
						};
					};
				};
			};
			buildConfigurationList = E7362F161D405D40006E661F /* Build configuration list for PBXProject "DHNative" */;
			compatibilityVersion = "Xcode 3.2";
			developmentRegion = English;
			hasScannedForEncodings = 0;
			knownRegions = (
				en,
				Base,
			);
			mainGroup = E7362F121D405D40006E661F;
			productRefGroup = E7362F1C1D405D41006E661F /* Products */;
			projectDirPath = "";
			projectRoot = "";
			targets = (
				E7362F1A1D405D40006E661F /* DHNative */,
			);
		};
/* End PBXProject section */

/* Begin PBXResourcesBuildPhase section */
		E7362F191D405D40006E661F /* Resources */ = {
			isa = PBXResourcesBuildPhase;
			buildActionMask = 2147483647;
			files = (
				5A5380A81D4E7C92004A418F /* JFFocusedCardView.xib in Resources */,
				5A1500F81D415F2200C0AF61 /* auth-setup.txt in Resources */,
				E7362F291D405D41006E661F /* LaunchScreen.storyboard in Resources */,
				E7362F3A1D41307C006E661F /* Media.xcassets in Resources */,
				5A5380A71D4E7C92004A418F /* JFCardSelectionCell.xib in Resources */,
				E7362F241D405D41006E661F /* Main.storyboard in Resources */,
			);
			runOnlyForDeploymentPostprocessing = 0;
		};
/* End PBXResourcesBuildPhase section */

/* Begin PBXShellScriptBuildPhase section */
		4093471C8830DA067FAD55DE /* [CP] Check Pods Manifest.lock */ = {
			isa = PBXShellScriptBuildPhase;
			buildActionMask = 2147483647;
			files = (
			);
			inputPaths = (
			);
			name = "[CP] Check Pods Manifest.lock";
			outputPaths = (
			);
			runOnlyForDeploymentPostprocessing = 0;
			shellPath = /bin/sh;
			shellScript = "diff \"${PODS_ROOT}/../Podfile.lock\" \"${PODS_ROOT}/Manifest.lock\" > /dev/null\nif [[ $? != 0 ]] ; then\n    cat << EOM\nerror: The sandbox is not in sync with the Podfile.lock. Run 'pod install' or update your CocoaPods installation.\nEOM\n    exit 1\nfi\n";
			showEnvVarsInLog = 0;
		};
		8C961B1A10F6E3781A336E23 /* [CP] Embed Pods Frameworks */ = {
			isa = PBXShellScriptBuildPhase;
			buildActionMask = 2147483647;
			files = (
			);
			inputPaths = (
			);
			name = "[CP] Embed Pods Frameworks";
			outputPaths = (
			);
			runOnlyForDeploymentPostprocessing = 0;
			shellPath = /bin/sh;
			shellScript = "\"${SRCROOT}/Pods/Target Support Files/Pods-DHNative/Pods-DHNative-frameworks.sh\"\n";
			showEnvVarsInLog = 0;
		};
		D5AC59111E97E4B5B7D1462E /* [CP] Copy Pods Resources */ = {
			isa = PBXShellScriptBuildPhase;
			buildActionMask = 2147483647;
			files = (
			);
			inputPaths = (
			);
			name = "[CP] Copy Pods Resources";
			outputPaths = (
			);
			runOnlyForDeploymentPostprocessing = 0;
			shellPath = /bin/sh;
			shellScript = "\"${SRCROOT}/Pods/Target Support Files/Pods-DHNative/Pods-DHNative-resources.sh\"\n";
			showEnvVarsInLog = 0;
		};
/* End PBXShellScriptBuildPhase section */

/* Begin PBXSourcesBuildPhase section */
		E7362F171D405D40006E661F /* Sources */ = {
			isa = PBXSourcesBuildPhase;
			buildActionMask = 2147483647;
			files = (
				5A20F59D1D49425900E69D66 /* Property.swift in Sources */,
				5A53809A1D4E6DEA004A418F /* NSURL.swift in Sources */,
				5AB7E2961D48294700ACBA5E /* PropertiesViewController.swift in Sources */,
				5AB7E29A1D483D7400ACBA5E /* JSON.swift in Sources */,
				5A5380951D4E6CA8004A418F /* PointerLayer.swift in Sources */,
				5AB7E2881D47CA2F00ACBA5E /* MainNavigationController.swift in Sources */,
				5A5380AB1D4EA3DC004A418F /* NotImplementedYetController.swift in Sources */,
				5A53808F1D4E6CA8004A418F /* JFCardSelectionCell.swift in Sources */,
				5AB7E2861D47C9A100ACBA5E /* SideMenuViewController.swift in Sources */,
				5A5380961D4E6CA8004A418F /* ShadowAttributes.swift in Sources */,
				5A5380A01D4E6E7D004A418F /* UIImage.swift in Sources */,
				E7362F211D405D41006E661F /* SideViewController.swift in Sources */,
				E7362F3F1D413729006E661F /* UIColor.swift in Sources */,
				5A5380671D4E6B9F004A418F /* BrokerSelectionViewController.swift in Sources */,
				5A5380A21D4E6ECA004A418F /* UIView.swift in Sources */,
				5A53809C1D4E6E0D004A418F /* String.swift in Sources */,
				E7362F1F1D405D41006E661F /* AppDelegate.swift in Sources */,
				5AB7E28E1D47D6BC00ACBA5E /* WelcomeContentViewController.swift in Sources */,
				5A5380901D4E6CA8004A418F /* JFCardSelectionViewController.swift in Sources */,
				5A5380A41D4E6F89004A418F /* Broker.swift in Sources */,
				5AB7E2941D48233700ACBA5E /* UIImageView.swift in Sources */,
				5AB7E2981D48371C00ACBA5E /* PropertiesTableViewCell.swift in Sources */,
				5A5380921D4E6CA8004A418F /* JFCardSelectionViewController+JFFocusedCardViewDelegate.swift in Sources */,
				5A53808D1D4E6CA8004A418F /* AccessoryIndicator.swift in Sources */,
				5A5380981D4E6DA8004A418F /* NSDate.swift in Sources */,
				5AD34F221D49376700FA40C0 /* PropertyDetailsViewController.swift in Sources */,
				5A53809E1D4E6E52004A418F /* UIDevice.swift in Sources */,
				E7362F3C1D4136F4006E661F /* AppDefaults.swift in Sources */,
				5A53808E1D4E6CA8004A418F /* DialView.swift in Sources */,
				5AB7E28D1D47D6BC00ACBA5E /* WelcomeTourPageViewController.swift in Sources */,
				5A5380941D4E6CA8004A418F /* JFFocusedCardView.swift in Sources */,
				5AB7E2921D4812FB00ACBA5E /* LeftMenuController.swift in Sources */,
				5A5380911D4E6CA8004A418F /* JFCardSelectionViewController+CollectionView.swift in Sources */,
				5A20F59F1D49552900E69D66 /* Int.swift in Sources */,
				5A5380931D4E6CA8004A418F /* JFCardSelectionViewFlowLayout.swift in Sources */,
			);
			runOnlyForDeploymentPostprocessing = 0;
		};
/* End PBXSourcesBuildPhase section */

/* Begin PBXVariantGroup section */
		E7362F221D405D41006E661F /* Main.storyboard */ = {
			isa = PBXVariantGroup;
			children = (
				E7362F231D405D41006E661F /* Base */,
			);
			name = Main.storyboard;
			sourceTree = "<group>";
		};
		E7362F271D405D41006E661F /* LaunchScreen.storyboard */ = {
			isa = PBXVariantGroup;
			children = (
				E7362F281D405D41006E661F /* Base */,
			);
			name = LaunchScreen.storyboard;
			sourceTree = "<group>";
		};
/* End PBXVariantGroup section */

/* Begin XCBuildConfiguration section */
		E7362F2B1D405D41006E661F /* Debug */ = {
			isa = XCBuildConfiguration;
			buildSettings = {
				ALWAYS_SEARCH_USER_PATHS = NO;
				CLANG_ANALYZER_NONNULL = YES;
				CLANG_CXX_LANGUAGE_STANDARD = "gnu++0x";
				CLANG_CXX_LIBRARY = "libc++";
				CLANG_ENABLE_MODULES = YES;
				CLANG_ENABLE_OBJC_ARC = YES;
				CLANG_WARN_BOOL_CONVERSION = YES;
				CLANG_WARN_CONSTANT_CONVERSION = YES;
				CLANG_WARN_DIRECT_OBJC_ISA_USAGE = YES_ERROR;
				CLANG_WARN_EMPTY_BODY = YES;
				CLANG_WARN_ENUM_CONVERSION = YES;
				CLANG_WARN_INT_CONVERSION = YES;
				CLANG_WARN_OBJC_ROOT_CLASS = YES_ERROR;
				CLANG_WARN_UNREACHABLE_CODE = YES;
				CLANG_WARN__DUPLICATE_METHOD_MATCH = YES;
				"CODE_SIGN_IDENTITY[sdk=iphoneos*]" = "iPhone Developer";
				COPY_PHASE_STRIP = NO;
				DEBUG_INFORMATION_FORMAT = dwarf;
				ENABLE_STRICT_OBJC_MSGSEND = YES;
				ENABLE_TESTABILITY = YES;
				GCC_C_LANGUAGE_STANDARD = gnu99;
				GCC_DYNAMIC_NO_PIC = NO;
				GCC_NO_COMMON_BLOCKS = YES;
				GCC_OPTIMIZATION_LEVEL = 0;
				GCC_PREPROCESSOR_DEFINITIONS = (
					"DEBUG=1",
					"$(inherited)",
				);
				GCC_WARN_64_TO_32_BIT_CONVERSION = YES;
				GCC_WARN_ABOUT_RETURN_TYPE = YES_ERROR;
				GCC_WARN_UNDECLARED_SELECTOR = YES;
				GCC_WARN_UNINITIALIZED_AUTOS = YES_AGGRESSIVE;
				GCC_WARN_UNUSED_FUNCTION = YES;
				GCC_WARN_UNUSED_VARIABLE = YES;
				IPHONEOS_DEPLOYMENT_TARGET = 9.3;
				MTL_ENABLE_DEBUG_INFO = YES;
				ONLY_ACTIVE_ARCH = YES;
				SDKROOT = iphoneos;
				SWIFT_OBJC_BRIDGING_HEADER = "dreamhousenative/DHNative-bridge.h";
				SWIFT_OPTIMIZATION_LEVEL = "-Onone";
			};
			name = Debug;
		};
		E7362F2C1D405D41006E661F /* Release */ = {
			isa = XCBuildConfiguration;
			buildSettings = {
				ALWAYS_SEARCH_USER_PATHS = NO;
				CLANG_ANALYZER_NONNULL = YES;
				CLANG_CXX_LANGUAGE_STANDARD = "gnu++0x";
				CLANG_CXX_LIBRARY = "libc++";
				CLANG_ENABLE_MODULES = YES;
				CLANG_ENABLE_OBJC_ARC = YES;
				CLANG_WARN_BOOL_CONVERSION = YES;
				CLANG_WARN_CONSTANT_CONVERSION = YES;
				CLANG_WARN_DIRECT_OBJC_ISA_USAGE = YES_ERROR;
				CLANG_WARN_EMPTY_BODY = YES;
				CLANG_WARN_ENUM_CONVERSION = YES;
				CLANG_WARN_INT_CONVERSION = YES;
				CLANG_WARN_OBJC_ROOT_CLASS = YES_ERROR;
				CLANG_WARN_UNREACHABLE_CODE = YES;
				CLANG_WARN__DUPLICATE_METHOD_MATCH = YES;
				"CODE_SIGN_IDENTITY[sdk=iphoneos*]" = "iPhone Developer";
				COPY_PHASE_STRIP = NO;
				DEBUG_INFORMATION_FORMAT = "dwarf-with-dsym";
				ENABLE_NS_ASSERTIONS = NO;
				ENABLE_STRICT_OBJC_MSGSEND = YES;
				GCC_C_LANGUAGE_STANDARD = gnu99;
				GCC_NO_COMMON_BLOCKS = YES;
				GCC_WARN_64_TO_32_BIT_CONVERSION = YES;
				GCC_WARN_ABOUT_RETURN_TYPE = YES_ERROR;
				GCC_WARN_UNDECLARED_SELECTOR = YES;
				GCC_WARN_UNINITIALIZED_AUTOS = YES_AGGRESSIVE;
				GCC_WARN_UNUSED_FUNCTION = YES;
				GCC_WARN_UNUSED_VARIABLE = YES;
				IPHONEOS_DEPLOYMENT_TARGET = 9.3;
				MTL_ENABLE_DEBUG_INFO = NO;
				SDKROOT = iphoneos;
				SWIFT_OBJC_BRIDGING_HEADER = "dreamhousenative/DHNative-bridge.h";
				VALIDATE_PRODUCT = YES;
			};
			name = Release;
		};
		E7362F2E1D405D41006E661F /* Debug */ = {
			isa = XCBuildConfiguration;
			baseConfigurationReference = 5D7EFEC69DB6449BC013DC74 /* Pods-DHNative.debug.xcconfig */;
			buildSettings = {
				ASSETCATALOG_COMPILER_APPICON_NAME = AppIcon;
				CODE_SIGN_IDENTITY = "iPhone Developer";
				ENABLE_BITCODE = NO;
				INFOPLIST_FILE = dreamhousenative/Info.plist;
				LD_RUNPATH_SEARCH_PATHS = "$(inherited) @executable_path/Frameworks";
				PRODUCT_BUNDLE_IDENTIFIER = gyspycode.dreamhousenative;
				PRODUCT_NAME = DHNative;
			};
			name = Debug;
		};
		E7362F2F1D405D41006E661F /* Release */ = {
			isa = XCBuildConfiguration;
			baseConfigurationReference = 7BF0F450990713DEDED3B13D /* Pods-DHNative.release.xcconfig */;
			buildSettings = {
				ASSETCATALOG_COMPILER_APPICON_NAME = AppIcon;
				CODE_SIGN_IDENTITY = "iPhone Developer";
				ENABLE_BITCODE = NO;
				INFOPLIST_FILE = dreamhousenative/Info.plist;
				LD_RUNPATH_SEARCH_PATHS = "$(inherited) @executable_path/Frameworks";
				PRODUCT_BUNDLE_IDENTIFIER = gyspycode.dreamhousenative;
				PRODUCT_NAME = DHNative;
			};
			name = Release;
		};
/* End XCBuildConfiguration section */

/* Begin XCConfigurationList section */
		E7362F161D405D40006E661F /* Build configuration list for PBXProject "DHNative" */ = {
			isa = XCConfigurationList;
			buildConfigurations = (
				E7362F2B1D405D41006E661F /* Debug */,
				E7362F2C1D405D41006E661F /* Release */,
			);
			defaultConfigurationIsVisible = 0;
			defaultConfigurationName = Release;
		};
		E7362F2D1D405D41006E661F /* Build configuration list for PBXNativeTarget "DHNative" */ = {
			isa = XCConfigurationList;
			buildConfigurations = (
				E7362F2E1D405D41006E661F /* Debug */,
				E7362F2F1D405D41006E661F /* Release */,
			);
			defaultConfigurationIsVisible = 0;
			defaultConfigurationName = Release;
		};
/* End XCConfigurationList section */
	};
	rootObject = E7362F131D405D40006E661F /* Project object */;
}
